
Microsoft Visual Studio Solution File, Format Version 12.00
# Visual Studio 2012
Project("{FAE04EC0-301F-11D3-BF4B-00C04F79EFBC}") = "PayPalCoreSDK", "PayPalCoreSDK.csproj", "{79DEBACB-E8CD-45D4-9AB3-A32FDDAE5FEF}"
EndProject
Project("{FAE04EC0-301F-11D3-BF4B-00C04F79EFBC}") = "UnitTest", "UnitTest\UnitTest.csproj", "{1BDC1BDF-89DF-4E3E-9195-089540C0A4C1}"
EndProject
Global
	GlobalSection(SolutionConfigurationPlatforms) = preSolution
		Debug|Any CPU = Debug|Any CPU
		Release|Any CPU = Release|Any CPU
	EndGlobalSection
	GlobalSection(ProjectConfigurationPlatforms) = postSolution
		{79DEBACB-E8CD-45D4-9AB3-A32FDDAE5FEF}.Debug|Any CPU.ActiveCfg = Debug|Any CPU
		{79DEBACB-E8CD-45D4-9AB3-A32FDDAE5FEF}.Debug|Any CPU.Build.0 = Debug|Any CPU
		{79DEBACB-E8CD-45D4-9AB3-A32FDDAE5FEF}.Release|Any CPU.ActiveCfg = Release|Any CPU
		{79DEBACB-E8CD-45D4-9AB3-A32FDDAE5FEF}.Release|Any CPU.Build.0 = Release|Any CPU
		{1BDC1BDF-89DF-4E3E-9195-089540C0A4C1}.Debug|Any CPU.ActiveCfg = Debug|Any CPU
		{1BDC1BDF-89DF-4E3E-9195-089540C0A4C1}.Debug|Any CPU.Build.0 = Debug|Any CPU
		{1BDC1BDF-89DF-4E3E-9195-089540C0A4C1}.Release|Any CPU.ActiveCfg = Release|Any CPU
		{1BDC1BDF-89DF-4E3E-9195-089540C0A4C1}.Release|Any CPU.Build.0 = Release|Any CPU
	EndGlobalSection
	GlobalSection(SolutionProperties) = preSolution
		HideSolutionNode = FALSE
	EndGlobalSection
EndGlobal
