
Microsoft Visual Studio Solution File, Format Version 12.00
# Visual Studio 14
VisualStudioVersion = 14.0.23107.0
MinimumVisualStudioVersion = 10.0.40219.1
Project("{FAE04EC0-301F-11D3-BF4B-00C04F79EFBC}") = "PayPal.Core.SDK.NET35", "SDK\PayPal.Core.SDK.NET35.csproj", "{C8310F61-1725-4992-BB9D-C7F7031F47E2}"
EndProject
Project("{FAE04EC0-301F-11D3-BF4B-00C04F79EFBC}") = "PayPal.Core.SDK.NET35.Tests", "UnitTests\PayPal.Core.SDK.NET35.Tests.csproj", "{424358F6-7044-4ECC-9B7F-60CE51B3899E}"
EndProject
Global
	GlobalSection(SolutionConfigurationPlatforms) = preSolution
		Debug|Any CPU = Debug|Any CPU
		Release|Any CPU = Release|Any CPU
	EndGlobalSection
	GlobalSection(ProjectConfigurationPlatforms) = postSolution
		{C8310F61-1725-4992-BB9D-C7F7031F47E2}.Debug|Any CPU.ActiveCfg = Debug|Any CPU
		{C8310F61-1725-4992-BB9D-C7F7031F47E2}.Debug|Any CPU.Build.0 = Debug|Any CPU
		{C8310F61-1725-4992-BB9D-C7F7031F47E2}.Release|Any CPU.ActiveCfg = Release|Any CPU
		{C8310F61-1725-4992-BB9D-C7F7031F47E2}.Release|Any CPU.Build.0 = Release|Any CPU
		{424358F6-7044-4ECC-9B7F-60CE51B3899E}.Debug|Any CPU.ActiveCfg = Debug|Any CPU
		{424358F6-7044-4ECC-9B7F-60CE51B3899E}.Debug|Any CPU.Build.0 = Debug|Any CPU
		{424358F6-7044-4ECC-9B7F-60CE51B3899E}.Release|Any CPU.ActiveCfg = Release|Any CPU
		{424358F6-7044-4ECC-9B7F-60CE51B3899E}.Release|Any CPU.Build.0 = Release|Any CPU
	EndGlobalSection
	GlobalSection(SolutionProperties) = preSolution
		HideSolutionNode = FALSE
	EndGlobalSection
EndGlobal
