
Microsoft Visual Studio Solution File, Format Version 12.00
# Visual Studio 14
VisualStudioVersion = 14.0.23107.0
MinimumVisualStudioVersion = 10.0.40219.1
Project("{FAE04EC0-301F-11D3-BF4B-00C04F79EFBC}") = "PayPal.Core.SDK.NET40", "SDK\PayPal.Core.SDK.NET40.csproj", "{1BD91BCF-1DDF-4F1F-A510-C9F4001A50A8}"
EndProject
Project("{FAE04EC0-301F-11D3-BF4B-00C04F79EFBC}") = "PayPal.Core.SDK.NET40.Tests", "UnitTests\PayPal.Core.SDK.NET40.Tests.csproj", "{38C18868-538A-4A6E-A242-59B5E07E2FCD}"
EndProject
Global
	GlobalSection(SolutionConfigurationPlatforms) = preSolution
		Debug|Any CPU = Debug|Any CPU
		Release|Any CPU = Release|Any CPU
	EndGlobalSection
	GlobalSection(ProjectConfigurationPlatforms) = postSolution
		{1BD91BCF-1DDF-4F1F-A510-C9F4001A50A8}.Debug|Any CPU.ActiveCfg = Debug|Any CPU
		{1BD91BCF-1DDF-4F1F-A510-C9F4001A50A8}.Debug|Any CPU.Build.0 = Debug|Any CPU
		{1BD91BCF-1DDF-4F1F-A510-C9F4001A50A8}.Release|Any CPU.ActiveCfg = Release|Any CPU
		{1BD91BCF-1DDF-4F1F-A510-C9F4001A50A8}.Release|Any CPU.Build.0 = Release|Any CPU
		{38C18868-538A-4A6E-A242-59B5E07E2FCD}.Debug|Any CPU.ActiveCfg = Debug|Any CPU
		{38C18868-538A-4A6E-A242-59B5E07E2FCD}.Debug|Any CPU.Build.0 = Debug|Any CPU
		{38C18868-538A-4A6E-A242-59B5E07E2FCD}.Release|Any CPU.ActiveCfg = Release|Any CPU
		{38C18868-538A-4A6E-A242-59B5E07E2FCD}.Release|Any CPU.Build.0 = Release|Any CPU
	EndGlobalSection
	GlobalSection(SolutionProperties) = preSolution
		HideSolutionNode = FALSE
	EndGlobalSection
EndGlobal
